Microsoft Visual Studio Solution File, Format Version 11.00
# Visual Studio 2008

Project("{04537B06-9445-AFEA-6EC2-9B400E902C1D}") = "HorseWorld", "Assembly-CSharp.csproj", "{283E4958-F77F-AC99-C0AC-37BA89C55061}"
EndProject
Global
	GlobalSection(SolutionConfigurationPlatforms) = preSolution
		Debug|Any CPU = Debug|Any CPU
		Release|Any CPU = Release|Any CPU
	EndGlobalSection
	GlobalSection(ProjectConfigurationPlatforms) = postSolution
		{283E4958-F77F-AC99-C0AC-37BA89C55061}.Debug|Any CPU.ActiveCfg = Debug|Any CPU
		{283E4958-F77F-AC99-C0AC-37BA89C55061}.Debug|Any CPU.Build.0 = Debug|Any CPU
		{283E4958-F77F-AC99-C0AC-37BA89C55061}.Release|Any CPU.ActiveCfg = Release|Any CPU
		{283E4958-F77F-AC99-C0AC-37BA89C55061}.Release|Any CPU.Build.0 = Release|Any CPU
	EndGlobalSection
	GlobalSection(SolutionProperties) = preSolution
		HideSolutionNode = FALSE
	EndGlobalSection
	GlobalSection(MonoDevelopProperties) = preSolution
		StartupItem = Assembly-CSharp.csproj
	EndGlobalSection
EndGlobal
